
Microsoft Visual Studio Solution File, Format Version 12.00
# Visual Studio Version 17
VisualStudioVersion = 17.9.34616.47
MinimumVisualStudioVersion = 10.0.40219.1
Project("{2150E333-8FDC-42A3-9474-1A3956D46DE8}") = "1.SQS", "1.SQS", "{CE9DD4CF-7232-4196-9D37-52DD224AABD6}"
EndProject
Project("{9A19103F-16F7-4668-BE54-9A1E7A4F7556}") = "SQSPublisher", "1.SQS\SQSPublisher\SQSPublisher.csproj", "{726C729A-24B8-4BF4-8564-E8E9782E910D}"
EndProject
Project("{9A19103F-16F7-4668-BE54-9A1E7A4F7556}") = "SQSConsumer", "1.SQS\SQSConsumer\SQSConsumer.csproj", "{A73C77D5-7A37-4E7A-8BEA-BB4BD2679786}"
EndProject
Project("{9A19103F-16F7-4668-BE54-9A1E7A4F7556}") = "SQSWebAPI.Consumer", "1.SQS\SQSWebAPI.Consumer\SQSWebAPI.Consumer.csproj", "{C8D71871-60B6-443F-8454-BD4CD8749075}"
EndProject
Project("{9A19103F-16F7-4668-BE54-9A1E7A4F7556}") = "SQSWebAPI.Publisher", "1.SQS\SQSWebAPI.Publisher\SQSWebAPI.Publisher.csproj", "{42756B50-2F84-4580-9946-9C507F1ED5AA}"
EndProject
Project("{2150E333-8FDC-42A3-9474-1A3956D46DE8}") = "2.SNS", "2.SNS", "{EC37BD1E-747A-4EE3-AE95-7E75282D20EE}"
EndProject
Project("{FAE04EC0-301F-11D3-BF4B-00C04F79EFBC}") = "SnsPublisher", "2.SNS\SnsPublisher\SnsPublisher.csproj", "{49537082-AFC4-432B-9170-58A7A35A56CB}"
EndProject
Project("{9A19103F-16F7-4668-BE54-9A1E7A4F7556}") = "SqsConsumer", "2.SNS\SqsConsumer\SqsConsumer.csproj", "{E96D4840-1382-4F34-ABA5-405FF1A5E26C}"
EndProject
Project("{9A19103F-16F7-4668-BE54-9A1E7A4F7556}") = "SQSWebAPI.Publisher", "2.SNS\SnsWebAPI.Publisher\SQSWebAPI.Publisher.csproj", "{04D52032-47E1-492A-82D8-888FFB53543B}"
EndProject
Global
	GlobalSection(SolutionConfigurationPlatforms) = preSolution
		Debug|Any CPU = Debug|Any CPU
		Release|Any CPU = Release|Any CPU
	EndGlobalSection
	GlobalSection(ProjectConfigurationPlatforms) = postSolution
		{726C729A-24B8-4BF4-8564-E8E9782E910D}.Debug|Any CPU.ActiveCfg = Debug|Any CPU
		{726C729A-24B8-4BF4-8564-E8E9782E910D}.Debug|Any CPU.Build.0 = Debug|Any CPU
		{726C729A-24B8-4BF4-8564-E8E9782E910D}.Release|Any CPU.ActiveCfg = Release|Any CPU
		{726C729A-24B8-4BF4-8564-E8E9782E910D}.Release|Any CPU.Build.0 = Release|Any CPU
		{A73C77D5-7A37-4E7A-8BEA-BB4BD2679786}.Debug|Any CPU.ActiveCfg = Debug|Any CPU
		{A73C77D5-7A37-4E7A-8BEA-BB4BD2679786}.Debug|Any CPU.Build.0 = Debug|Any CPU
		{A73C77D5-7A37-4E7A-8BEA-BB4BD2679786}.Release|Any CPU.ActiveCfg = Release|Any CPU
		{A73C77D5-7A37-4E7A-8BEA-BB4BD2679786}.Release|Any CPU.Build.0 = Release|Any CPU
		{C8D71871-60B6-443F-8454-BD4CD8749075}.Debug|Any CPU.ActiveCfg = Debug|Any CPU
		{C8D71871-60B6-443F-8454-BD4CD8749075}.Debug|Any CPU.Build.0 = Debug|Any CPU
		{C8D71871-60B6-443F-8454-BD4CD8749075}.Release|Any CPU.ActiveCfg = Release|Any CPU
		{C8D71871-60B6-443F-8454-BD4CD8749075}.Release|Any CPU.Build.0 = Release|Any CPU
		{42756B50-2F84-4580-9946-9C507F1ED5AA}.Debug|Any CPU.ActiveCfg = Debug|Any CPU
		{42756B50-2F84-4580-9946-9C507F1ED5AA}.Debug|Any CPU.Build.0 = Debug|Any CPU
		{42756B50-2F84-4580-9946-9C507F1ED5AA}.Release|Any CPU.ActiveCfg = Release|Any CPU
		{42756B50-2F84-4580-9946-9C507F1ED5AA}.Release|Any CPU.Build.0 = Release|Any CPU
		{49537082-AFC4-432B-9170-58A7A35A56CB}.Debug|Any CPU.ActiveCfg = Debug|Any CPU
		{49537082-AFC4-432B-9170-58A7A35A56CB}.Debug|Any CPU.Build.0 = Debug|Any CPU
		{49537082-AFC4-432B-9170-58A7A35A56CB}.Release|Any CPU.ActiveCfg = Release|Any CPU
		{49537082-AFC4-432B-9170-58A7A35A56CB}.Release|Any CPU.Build.0 = Release|Any CPU
		{E96D4840-1382-4F34-ABA5-405FF1A5E26C}.Debug|Any CPU.ActiveCfg = Debug|Any CPU
		{E96D4840-1382-4F34-ABA5-405FF1A5E26C}.Debug|Any CPU.Build.0 = Debug|Any CPU
		{E96D4840-1382-4F34-ABA5-405FF1A5E26C}.Release|Any CPU.ActiveCfg = Release|Any CPU
		{E96D4840-1382-4F34-ABA5-405FF1A5E26C}.Release|Any CPU.Build.0 = Release|Any CPU
		{04D52032-47E1-492A-82D8-888FFB53543B}.Debug|Any CPU.ActiveCfg = Debug|Any CPU
		{04D52032-47E1-492A-82D8-888FFB53543B}.Debug|Any CPU.Build.0 = Debug|Any CPU
		{04D52032-47E1-492A-82D8-888FFB53543B}.Release|Any CPU.ActiveCfg = Release|Any CPU
		{04D52032-47E1-492A-82D8-888FFB53543B}.Release|Any CPU.Build.0 = Release|Any CPU
	EndGlobalSection
	GlobalSection(SolutionProperties) = preSolution
		HideSolutionNode = FALSE
	EndGlobalSection
	GlobalSection(NestedProjects) = preSolution
		{726C729A-24B8-4BF4-8564-E8E9782E910D} = {CE9DD4CF-7232-4196-9D37-52DD224AABD6}
		{A73C77D5-7A37-4E7A-8BEA-BB4BD2679786} = {CE9DD4CF-7232-4196-9D37-52DD224AABD6}
		{C8D71871-60B6-443F-8454-BD4CD8749075} = {CE9DD4CF-7232-4196-9D37-52DD224AABD6}
		{42756B50-2F84-4580-9946-9C507F1ED5AA} = {CE9DD4CF-7232-4196-9D37-52DD224AABD6}
		{49537082-AFC4-432B-9170-58A7A35A56CB} = {EC37BD1E-747A-4EE3-AE95-7E75282D20EE}
		{E96D4840-1382-4F34-ABA5-405FF1A5E26C} = {EC37BD1E-747A-4EE3-AE95-7E75282D20EE}
		{04D52032-47E1-492A-82D8-888FFB53543B} = {EC37BD1E-747A-4EE3-AE95-7E75282D20EE}
	EndGlobalSection
	GlobalSection(ExtensibilityGlobals) = postSolution
		SolutionGuid = {A36B4018-E36B-4129-A1E0-2459F54C933B}
	EndGlobalSection
EndGlobal
